
Microsoft Visual Studio Solution File, Format Version 12.00
# Visual Studio Version 16
VisualStudioVersion = 16.0.30413.136
MinimumVisualStudioVersion = 10.0.40219.1
Project("{9A19103F-16F7-4668-BE54-9A1E7A4F7556}") = "Mono.Cecil", "Mono.Cecil.csproj", "{D68133BD-1E63-496E-9EDE-4FBDBF77B486}"
EndProject
Global
	GlobalSection(SolutionConfigurationPlatforms) = preSolution
		Debug|Any CPU = Debug|Any CPU
		Release|Any CPU = Release|Any CPU
	EndGlobalSection
	GlobalSection(ProjectConfigurationPlatforms) = postSolution
		{D68133BD-1E63-496E-9EDE-4FBDBF77B486}.Debug|Any CPU.ActiveCfg = Debug|Any CPU
		{D68133BD-1E63-496E-9EDE-4FBDBF77B486}.Debug|Any CPU.Build.0 = Debug|Any CPU
		{D68133BD-1E63-496E-9EDE-4FBDBF77B486}.Release|Any CPU.ActiveCfg = Release|Any CPU
		{D68133BD-1E63-496E-9EDE-4FBDBF77B486}.Release|Any CPU.Build.0 = Release|Any CPU
	EndGlobalSection
	GlobalSection(SolutionProperties) = preSolution
		HideSolutionNode = FALSE
	EndGlobalSection
	GlobalSection(ExtensibilityGlobals) = postSolution
		SolutionGuid = {3266D853-2411-4520-A93D-63909DE19B48}
	EndGlobalSection
EndGlobal
